
Microsoft Visual Studio Solution File, Format Version 12.00
# Visual Studio Version 17
VisualStudioVersion = 17.14.36518.9 d17.14
MinimumVisualStudioVersion = 10.0.40219.1
Project("{FAE04EC0-301F-11D3-BF4B-00C04F79EFBC}") = "RedeNeuralMLP", "RedeNeuralMLP\RedeNeuralMLP.csproj", "{A19B641B-3FDF-4F12-B92C-7B5FED9C57EF}"
EndProject
Global
	GlobalSection(SolutionConfigurationPlatforms) = preSolution
		Debug|Any CPU = Debug|Any CPU
		Release|Any CPU = Release|Any CPU
	EndGlobalSection
	GlobalSection(ProjectConfigurationPlatforms) = postSolution
		{A19B641B-3FDF-4F12-B92C-7B5FED9C57EF}.Debug|Any CPU.ActiveCfg = Debug|Any CPU
		{A19B641B-3FDF-4F12-B92C-7B5FED9C57EF}.Debug|Any CPU.Build.0 = Debug|Any CPU
		{A19B641B-3FDF-4F12-B92C-7B5FED9C57EF}.Release|Any CPU.ActiveCfg = Release|Any CPU
		{A19B641B-3FDF-4F12-B92C-7B5FED9C57EF}.Release|Any CPU.Build.0 = Release|Any CPU
	EndGlobalSection
	GlobalSection(SolutionProperties) = preSolution
		HideSolutionNode = FALSE
	EndGlobalSection
	GlobalSection(ExtensibilityGlobals) = postSolution
		SolutionGuid = {E4F35177-8339-42C3-8787-EEDE40ED8172}
	EndGlobalSection
EndGlobal
