
Microsoft Visual Studio Solution File, Format Version 12.00
# Visual Studio Version 17
VisualStudioVersion = 17.14.36518.9 d17.14
MinimumVisualStudioVersion = 10.0.40219.1
Project("{FAE04EC0-301F-11D3-BF4B-00C04F79EFBC}") = "PrevisorMultivariado", "PrevisorMultivariado\PrevisorMultivariado.csproj", "{22222A7F-AFDE-4E71-A255-F34E0AC406AA}"
EndProject
Global
	GlobalSection(SolutionConfigurationPlatforms) = preSolution
		Debug|Any CPU = Debug|Any CPU
		Release|Any CPU = Release|Any CPU
	EndGlobalSection
	GlobalSection(ProjectConfigurationPlatforms) = postSolution
		{22222A7F-AFDE-4E71-A255-F34E0AC406AA}.Debug|Any CPU.ActiveCfg = Debug|Any CPU
		{22222A7F-AFDE-4E71-A255-F34E0AC406AA}.Debug|Any CPU.Build.0 = Debug|Any CPU
		{22222A7F-AFDE-4E71-A255-F34E0AC406AA}.Release|Any CPU.ActiveCfg = Release|Any CPU
		{22222A7F-AFDE-4E71-A255-F34E0AC406AA}.Release|Any CPU.Build.0 = Release|Any CPU
	EndGlobalSection
	GlobalSection(SolutionProperties) = preSolution
		HideSolutionNode = FALSE
	EndGlobalSection
	GlobalSection(ExtensibilityGlobals) = postSolution
		SolutionGuid = {66919876-962D-48FB-8871-4FC1D388CBF7}
	EndGlobalSection
EndGlobal
